
Microsoft Visual Studio Solution File, Format Version 12.00
# Visual Studio 15
Project("{FAE04EC0-301F-11D3-BF4B-00C04F79EFBC}") = "Assembly-CSharp-firstpass", "Assembly-CSharp-firstpass.csproj", "{62530786-91FF-AE6A-8CDA-CF817E39F4F0}"
EndProject
Project("{FAE04EC0-301F-11D3-BF4B-00C04F79EFBC}") = "Assembly-CSharp", "Assembly-CSharp.csproj", "{FA92245D-5783-0965-2197-33BF6454B49E}"
EndProject
Project("{FAE04EC0-301F-11D3-BF4B-00C04F79EFBC}") = "Assembly-CSharp-Editor", "Assembly-CSharp-Editor.csproj", "{D128735C-E960-46E1-8E1A-3D12EECA0AF6}"
EndProject
Project("{FAE04EC0-301F-11D3-BF4B-00C04F79EFBC}") = "Assembly-CSharp-Editor-firstpass", "Assembly-CSharp-Editor-firstpass.csproj", "{B665B530-06CC-26BB-0159-428CF05441B4}"
EndProject
Global
	GlobalSection(SolutionConfigurationPlatforms) = preSolution
		Debug|Any CPU = Debug|Any CPU
		Release|Any CPU = Release|Any CPU
	EndGlobalSection
	GlobalSection(ProjectConfigurationPlatforms) = postSolution
		{62530786-91FF-AE6A-8CDA-CF817E39F4F0}.Debug|Any CPU.ActiveCfg = Debug|Any CPU
		{62530786-91FF-AE6A-8CDA-CF817E39F4F0}.Debug|Any CPU.Build.0 = Debug|Any CPU
		{62530786-91FF-AE6A-8CDA-CF817E39F4F0}.Release|Any CPU.ActiveCfg = Release|Any CPU
		{62530786-91FF-AE6A-8CDA-CF817E39F4F0}.Release|Any CPU.Build.0 = Release|Any CPU
		{FA92245D-5783-0965-2197-33BF6454B49E}.Debug|Any CPU.ActiveCfg = Debug|Any CPU
		{FA92245D-5783-0965-2197-33BF6454B49E}.Debug|Any CPU.Build.0 = Debug|Any CPU
		{FA92245D-5783-0965-2197-33BF6454B49E}.Release|Any CPU.ActiveCfg = Release|Any CPU
		{FA92245D-5783-0965-2197-33BF6454B49E}.Release|Any CPU.Build.0 = Release|Any CPU
		{D128735C-E960-46E1-8E1A-3D12EECA0AF6}.Debug|Any CPU.ActiveCfg = Debug|Any CPU
		{D128735C-E960-46E1-8E1A-3D12EECA0AF6}.Debug|Any CPU.Build.0 = Debug|Any CPU
		{D128735C-E960-46E1-8E1A-3D12EECA0AF6}.Release|Any CPU.ActiveCfg = Release|Any CPU
		{D128735C-E960-46E1-8E1A-3D12EECA0AF6}.Release|Any CPU.Build.0 = Release|Any CPU
		{B665B530-06CC-26BB-0159-428CF05441B4}.Debug|Any CPU.ActiveCfg = Debug|Any CPU
		{B665B530-06CC-26BB-0159-428CF05441B4}.Debug|Any CPU.Build.0 = Debug|Any CPU
		{B665B530-06CC-26BB-0159-428CF05441B4}.Release|Any CPU.ActiveCfg = Release|Any CPU
		{B665B530-06CC-26BB-0159-428CF05441B4}.Release|Any CPU.Build.0 = Release|Any CPU
	EndGlobalSection
	GlobalSection(SolutionProperties) = preSolution
		HideSolutionNode = FALSE
	EndGlobalSection
EndGlobal
