
Microsoft Visual Studio Solution File, Format Version 11.00
# Visual Studio 2010
Project("{FAE04EC0-301F-11D3-BF4B-00C04F79EFBC}") = "Assembly-CSharp-firstpass", "Assembly-CSharp-firstpass.csproj", "{86075362-ff91-6aae-8cda-cf817e39f4f0}"
EndProject
Project("{FAE04EC0-301F-11D3-BF4B-00C04F79EFBC}") = "Assembly-CSharp", "Assembly-CSharp.csproj", "{5d2492fa-8357-6509-2197-33bf6454b49e}"
EndProject
Project("{FAE04EC0-301F-11D3-BF4B-00C04F79EFBC}") = "Assembly-CSharp-Editor", "Assembly-CSharp-Editor.csproj", "{5c7328d1-60e9-e146-8e1a-3d12eeca0af6}"
EndProject
Project("{FAE04EC0-301F-11D3-BF4B-00C04F79EFBC}") = "Assembly-CSharp-Editor-firstpass", "Assembly-CSharp-Editor-firstpass.csproj", "{30b565b6-cc06-bb26-0159-428cf05441b4}"
EndProject
Global
	GlobalSection(SolutionConfigurationPlatforms) = preSolution
		Debug|Any CPU = Debug|Any CPU
	EndGlobalSection
	GlobalSection(ProjectConfigurationPlatforms) = postSolution
		{86075362-ff91-6aae-8cda-cf817e39f4f0}.Debug|Any CPU.ActiveCfg = Debug|Any CPU
		{86075362-ff91-6aae-8cda-cf817e39f4f0}.Debug|Any CPU.Build.0 = Debug|Any CPU
		{5d2492fa-8357-6509-2197-33bf6454b49e}.Debug|Any CPU.ActiveCfg = Debug|Any CPU
		{5d2492fa-8357-6509-2197-33bf6454b49e}.Debug|Any CPU.Build.0 = Debug|Any CPU
		{5c7328d1-60e9-e146-8e1a-3d12eeca0af6}.Debug|Any CPU.ActiveCfg = Debug|Any CPU
		{5c7328d1-60e9-e146-8e1a-3d12eeca0af6}.Debug|Any CPU.Build.0 = Debug|Any CPU
		{30b565b6-cc06-bb26-0159-428cf05441b4}.Debug|Any CPU.ActiveCfg = Debug|Any CPU
		{30b565b6-cc06-bb26-0159-428cf05441b4}.Debug|Any CPU.Build.0 = Debug|Any CPU
	EndGlobalSection
	GlobalSection(SolutionProperties) = preSolution
		HideSolutionNode = FALSE
	EndGlobalSection
EndGlobal
